
Microsoft Visual Studio Solution File, Format Version 12.00
# Visual Studio Version 17
VisualStudioVersion = 17.0.31903.59
MinimumVisualStudioVersion = 10.0.40219.1
Project("{2150E333-8FDC-42A3-9474-1A3956D46DE8}") = "AspNetLab", "AspNetLab", "{9AA579C5-B888-6810-1C31-C9D490055784}"
EndProject
Project("{FAE04EC0-301F-11D3-BF4B-00C04F79EFBC}") = "AspNetLab.Api", "AspNetLab\src\AspNetLab.Api\AspNetLab.Api.csproj", "{1BA1965B-079F-4EAC-840E-A5B75041B393}"
EndProject
Project("{FAE04EC0-301F-11D3-BF4B-00C04F79EFBC}") = "AspNetLab.Tests", "AspNetLab\tests\AspNetLab.Tests\AspNetLab.Tests.csproj", "{01DFF78D-1974-420B-BC3B-AF2184BCFCF7}"
EndProject
Project("{2150E333-8FDC-42A3-9474-1A3956D46DE8}") = "CleanLab", "CleanLab", "{1F9255BD-ADC7-0925-5CDE-AEB08C8498D6}"
EndProject
Project("{FAE04EC0-301F-11D3-BF4B-00C04F79EFBC}") = "CleanLab.Api", "CleanLab\src\CleanLab.Api\CleanLab.Api.csproj", "{9E0D03DE-B653-4EB7-BDDD-2EFD26968AF0}"
EndProject
Project("{FAE04EC0-301F-11D3-BF4B-00C04F79EFBC}") = "CleanLab.Infrastructure", "CleanLab\src\CleanLab.Infrastructure\CleanLab.Infrastructure.csproj", "{4237DBD8-5B54-4CC8-995C-E34B29328C53}"
EndProject
Project("{FAE04EC0-301F-11D3-BF4B-00C04F79EFBC}") = "CleanLab.Application", "CleanLab\src\CleanLab.Application\CleanLab.Application.csproj", "{92641AA3-622C-4C62-8F15-5F602011CE26}"
EndProject
Project("{FAE04EC0-301F-11D3-BF4B-00C04F79EFBC}") = "CleanLab.Domain", "CleanLab\src\CleanLab.Domain\CleanLab.Domain.csproj", "{87CE0757-91B7-43B8-B194-490023DD14FD}"
EndProject
Project("{FAE04EC0-301F-11D3-BF4B-00C04F79EFBC}") = "CleanLab.Tests", "CleanLab\tests\CleanLab.Tests\CleanLab.Tests.csproj", "{7E15318C-EC11-4806-B3C0-1D8749AEC5F8}"
EndProject
Project("{2150E333-8FDC-42A3-9474-1A3956D46DE8}") = "EfCoreLab", "EfCoreLab", "{C8494665-C39A-8712-C7C4-FF596D91583E}"
EndProject
Project("{FAE04EC0-301F-11D3-BF4B-00C04F79EFBC}") = "EfCoreLab.App", "EfCoreLab\src\EfCoreLab.App\EfCoreLab.App.csproj", "{FA6A347E-EE4E-4776-830F-179F730EF6C9}"
EndProject
Project("{2150E333-8FDC-42A3-9474-1A3956D46DE8}") = "GrpcLab", "GrpcLab", "{8B437273-564A-E0AE-312E-B811AA794CD4}"
EndProject
Project("{FAE04EC0-301F-11D3-BF4B-00C04F79EFBC}") = "GrpcLab.Client", "GrpcLab\src\GrpcLab.Client\GrpcLab.Client.csproj", "{E0B2DD30-421B-4900-907C-2F75D809BFEC}"
EndProject
Project("{FAE04EC0-301F-11D3-BF4B-00C04F79EFBC}") = "GrpcLab.Server", "GrpcLab\src\GrpcLab.Server\GrpcLab.Server.csproj", "{A4AB0258-999B-46AC-B374-5479E1D0C11B}"
EndProject
Project("{2150E333-8FDC-42A3-9474-1A3956D46DE8}") = "OrderFlow", "OrderFlow", "{9BDF1579-1002-EB83-5724-00EA1FD2A06D}"
EndProject
Project("{FAE04EC0-301F-11D3-BF4B-00C04F79EFBC}") = "OrderFlow.Bank", "OrderFlow\src\OrderFlow.Bank\OrderFlow.Bank.csproj", "{C5327762-8883-42AF-8C3D-6166A4F712C0}"
EndProject
Project("{FAE04EC0-301F-11D3-BF4B-00C04F79EFBC}") = "OrderFlow.Orders", "OrderFlow\src\OrderFlow.Orders\OrderFlow.Orders.csproj", "{7A0402B0-1407-462E-B85B-42C5A7F2CB9D}"
EndProject
Project("{FAE04EC0-301F-11D3-BF4B-00C04F79EFBC}") = "OrderFlow.Shared", "OrderFlow\src\OrderFlow.Shared\OrderFlow.Shared.csproj", "{DE9A32CE-9BE3-4B83-9957-8C0F38DBAAE6}"
EndProject
Project("{FAE04EC0-301F-11D3-BF4B-00C04F79EFBC}") = "OrderFlow.Payments", "OrderFlow\src\OrderFlow.Payments\OrderFlow.Payments.csproj", "{F9653389-A9A6-4D7B-8CFB-B87F1FD735B7}"
EndProject
Project("{2150E333-8FDC-42A3-9474-1A3956D46DE8}") = "PerfLab", "PerfLab", "{0BE7CBE2-60D2-BC47-FCD8-7C5AE7B20EF2}"
EndProject
Project("{FAE04EC0-301F-11D3-BF4B-00C04F79EFBC}") = "PerfLab.Benchmarks", "PerfLab\src\PerfLab.Benchmarks\PerfLab.Benchmarks.csproj", "{B84A8B51-44A5-45C9-BEA2-A58F5AFA86B7}"
EndProject
Project("{FAE04EC0-301F-11D3-BF4B-00C04F79EFBC}") = "PerfLab.LoadTest", "PerfLab\src\PerfLab.LoadTest\PerfLab.LoadTest.csproj", "{49DE12B4-B47C-416A-A2B7-CA83DB74D3F5}"
EndProject
Project("{2150E333-8FDC-42A3-9474-1A3956D46DE8}") = "RedisLab", "RedisLab", "{ED2E085A-AB02-B955-8619-35E5F3B38976}"
EndProject
Project("{FAE04EC0-301F-11D3-BF4B-00C04F79EFBC}") = "RedisLab.App", "RedisLab\src\RedisLab.App\RedisLab.App.csproj", "{EE9A2576-A861-438B-ABE7-54C503DCE409}"
EndProject
Project("{2150E333-8FDC-42A3-9474-1A3956D46DE8}") = "TestingLab", "TestingLab", "{61E813E4-9A1B-A38E-E33B-8712C73A9852}"
EndProject
Project("{FAE04EC0-301F-11D3-BF4B-00C04F79EFBC}") = "TestingLab.Domain", "TestingLab\src\TestingLab.Domain\TestingLab.Domain.csproj", "{B1600F11-EDE9-4E5A-A1A7-1E4897C845AA}"
EndProject
Project("{FAE04EC0-301F-11D3-BF4B-00C04F79EFBC}") = "TestingLab.Tests", "TestingLab\tests\TestingLab.Tests\TestingLab.Tests.csproj", "{EFB5C458-7C42-4948-A3FA-9C8050B978A0}"
EndProject
Project("{2150E333-8FDC-42A3-9474-1A3956D46DE8}") = "TtlCache", "TtlCache", "{385A9C9C-80DA-0D6F-3983-591A5232760E}"
EndProject
Project("{FAE04EC0-301F-11D3-BF4B-00C04F79EFBC}") = "TtlCache.Benchmarks", "TtlCache\benchmarks\TtlCache.Benchmarks\TtlCache.Benchmarks.csproj", "{98010829-4510-4DDD-AA9B-E197A78F8880}"
EndProject
Project("{FAE04EC0-301F-11D3-BF4B-00C04F79EFBC}") = "TtlCache.Core", "TtlCache\src\TtlCache.Core\TtlCache.Core.csproj", "{F76EE288-E983-4D7E-8848-26837ACE4CB4}"
EndProject
Project("{FAE04EC0-301F-11D3-BF4B-00C04F79EFBC}") = "TtlCache.Demo", "TtlCache\src\TtlCache.Demo\TtlCache.Demo.csproj", "{34AB74DD-6BA3-4199-BDF1-9E968985CF70}"
EndProject
Project("{FAE04EC0-301F-11D3-BF4B-00C04F79EFBC}") = "TtlCache.Tests", "TtlCache\tests\TtlCache.Tests\TtlCache.Tests.csproj", "{542AC707-3C7C-4FD0-8097-3595B602965C}"
EndProject
Global
	GlobalSection(SolutionConfigurationPlatforms) = preSolution
		Debug|Any CPU = Debug|Any CPU
		Debug|x64 = Debug|x64
		Debug|x86 = Debug|x86
		Release|Any CPU = Release|Any CPU
		Release|x64 = Release|x64
		Release|x86 = Release|x86
	EndGlobalSection
	GlobalSection(ProjectConfigurationPlatforms) = postSolution
		{1BA1965B-079F-4EAC-840E-A5B75041B393}.Debug|Any CPU.ActiveCfg = Debug|Any CPU
		{1BA1965B-079F-4EAC-840E-A5B75041B393}.Debug|Any CPU.Build.0 = Debug|Any CPU
		{1BA1965B-079F-4EAC-840E-A5B75041B393}.Debug|x64.ActiveCfg = Debug|Any CPU
		{1BA1965B-079F-4EAC-840E-A5B75041B393}.Debug|x64.Build.0 = Debug|Any CPU
		{1BA1965B-079F-4EAC-840E-A5B75041B393}.Debug|x86.ActiveCfg = Debug|Any CPU
		{1BA1965B-079F-4EAC-840E-A5B75041B393}.Debug|x86.Build.0 = Debug|Any CPU
		{1BA1965B-079F-4EAC-840E-A5B75041B393}.Release|Any CPU.ActiveCfg = Release|Any CPU
		{1BA1965B-079F-4EAC-840E-A5B75041B393}.Release|Any CPU.Build.0 = Release|Any CPU
		{1BA1965B-079F-4EAC-840E-A5B75041B393}.Release|x64.ActiveCfg = Release|Any CPU
		{1BA1965B-079F-4EAC-840E-A5B75041B393}.Release|x64.Build.0 = Release|Any CPU
		{1BA1965B-079F-4EAC-840E-A5B75041B393}.Release|x86.ActiveCfg = Release|Any CPU
		{1BA1965B-079F-4EAC-840E-A5B75041B393}.Release|x86.Build.0 = Release|Any CPU
		{01DFF78D-1974-420B-BC3B-AF2184BCFCF7}.Debug|Any CPU.ActiveCfg = Debug|Any CPU
		{01DFF78D-1974-420B-BC3B-AF2184BCFCF7}.Debug|Any CPU.Build.0 = Debug|Any CPU
		{01DFF78D-1974-420B-BC3B-AF2184BCFCF7}.Debug|x64.ActiveCfg = Debug|Any CPU
		{01DFF78D-1974-420B-BC3B-AF2184BCFCF7}.Debug|x64.Build.0 = Debug|Any CPU
		{01DFF78D-1974-420B-BC3B-AF2184BCFCF7}.Debug|x86.ActiveCfg = Debug|Any CPU
		{01DFF78D-1974-420B-BC3B-AF2184BCFCF7}.Debug|x86.Build.0 = Debug|Any CPU
		{01DFF78D-1974-420B-BC3B-AF2184BCFCF7}.Release|Any CPU.ActiveCfg = Release|Any CPU
		{01DFF78D-1974-420B-BC3B-AF2184BCFCF7}.Release|Any CPU.Build.0 = Release|Any CPU
		{01DFF78D-1974-420B-BC3B-AF2184BCFCF7}.Release|x64.ActiveCfg = Release|Any CPU
		{01DFF78D-1974-420B-BC3B-AF2184BCFCF7}.Release|x64.Build.0 = Release|Any CPU
		{01DFF78D-1974-420B-BC3B-AF2184BCFCF7}.Release|x86.ActiveCfg = Release|Any CPU
		{01DFF78D-1974-420B-BC3B-AF2184BCFCF7}.Release|x86.Build.0 = Release|Any CPU
		{9E0D03DE-B653-4EB7-BDDD-2EFD26968AF0}.Debug|Any CPU.ActiveCfg = Debug|Any CPU
		{9E0D03DE-B653-4EB7-BDDD-2EFD26968AF0}.Debug|Any CPU.Build.0 = Debug|Any CPU
		{9E0D03DE-B653-4EB7-BDDD-2EFD26968AF0}.Debug|x64.ActiveCfg = Debug|Any CPU
		{9E0D03DE-B653-4EB7-BDDD-2EFD26968AF0}.Debug|x64.Build.0 = Debug|Any CPU
		{9E0D03DE-B653-4EB7-BDDD-2EFD26968AF0}.Debug|x86.ActiveCfg = Debug|Any CPU
		{9E0D03DE-B653-4EB7-BDDD-2EFD26968AF0}.Debug|x86.Build.0 = Debug|Any CPU
		{9E0D03DE-B653-4EB7-BDDD-2EFD26968AF0}.Release|Any CPU.ActiveCfg = Release|Any CPU
		{9E0D03DE-B653-4EB7-BDDD-2EFD26968AF0}.Release|Any CPU.Build.0 = Release|Any CPU
		{9E0D03DE-B653-4EB7-BDDD-2EFD26968AF0}.Release|x64.ActiveCfg = Release|Any CPU
		{9E0D03DE-B653-4EB7-BDDD-2EFD26968AF0}.Release|x64.Build.0 = Release|Any CPU
		{9E0D03DE-B653-4EB7-BDDD-2EFD26968AF0}.Release|x86.ActiveCfg = Release|Any CPU
		{9E0D03DE-B653-4EB7-BDDD-2EFD26968AF0}.Release|x86.Build.0 = Release|Any CPU
		{4237DBD8-5B54-4CC8-995C-E34B29328C53}.Debug|Any CPU.ActiveCfg = Debug|Any CPU
		{4237DBD8-5B54-4CC8-995C-E34B29328C53}.Debug|Any CPU.Build.0 = Debug|Any CPU
		{4237DBD8-5B54-4CC8-995C-E34B29328C53}.Debug|x64.ActiveCfg = Debug|Any CPU
		{4237DBD8-5B54-4CC8-995C-E34B29328C53}.Debug|x64.Build.0 = Debug|Any CPU
		{4237DBD8-5B54-4CC8-995C-E34B29328C53}.Debug|x86.ActiveCfg = Debug|Any CPU
		{4237DBD8-5B54-4CC8-995C-E34B29328C53}.Debug|x86.Build.0 = Debug|Any CPU
		{4237DBD8-5B54-4CC8-995C-E34B29328C53}.Release|Any CPU.ActiveCfg = Release|Any CPU
		{4237DBD8-5B54-4CC8-995C-E34B29328C53}.Release|Any CPU.Build.0 = Release|Any CPU
		{4237DBD8-5B54-4CC8-995C-E34B29328C53}.Release|x64.ActiveCfg = Release|Any CPU
		{4237DBD8-5B54-4CC8-995C-E34B29328C53}.Release|x64.Build.0 = Release|Any CPU
		{4237DBD8-5B54-4CC8-995C-E34B29328C53}.Release|x86.ActiveCfg = Release|Any CPU
		{4237DBD8-5B54-4CC8-995C-E34B29328C53}.Release|x86.Build.0 = Release|Any CPU
		{92641AA3-622C-4C62-8F15-5F602011CE26}.Debug|Any CPU.ActiveCfg = Debug|Any CPU
		{92641AA3-622C-4C62-8F15-5F602011CE26}.Debug|Any CPU.Build.0 = Debug|Any CPU
		{92641AA3-622C-4C62-8F15-5F602011CE26}.Debug|x64.ActiveCfg = Debug|Any CPU
		{92641AA3-622C-4C62-8F15-5F602011CE26}.Debug|x64.Build.0 = Debug|Any CPU
		{92641AA3-622C-4C62-8F15-5F602011CE26}.Debug|x86.ActiveCfg = Debug|Any CPU
		{92641AA3-622C-4C62-8F15-5F602011CE26}.Debug|x86.Build.0 = Debug|Any CPU
		{92641AA3-622C-4C62-8F15-5F602011CE26}.Release|Any CPU.ActiveCfg = Release|Any CPU
		{92641AA3-622C-4C62-8F15-5F602011CE26}.Release|Any CPU.Build.0 = Release|Any CPU
		{92641AA3-622C-4C62-8F15-5F602011CE26}.Release|x64.ActiveCfg = Release|Any CPU
		{92641AA3-622C-4C62-8F15-5F602011CE26}.Release|x64.Build.0 = Release|Any CPU
		{92641AA3-622C-4C62-8F15-5F602011CE26}.Release|x86.ActiveCfg = Release|Any CPU
		{92641AA3-622C-4C62-8F15-5F602011CE26}.Release|x86.Build.0 = Release|Any CPU
		{87CE0757-91B7-43B8-B194-490023DD14FD}.Debug|Any CPU.ActiveCfg = Debug|Any CPU
		{87CE0757-91B7-43B8-B194-490023DD14FD}.Debug|Any CPU.Build.0 = Debug|Any CPU
		{87CE0757-91B7-43B8-B194-490023DD14FD}.Debug|x64.ActiveCfg = Debug|Any CPU
		{87CE0757-91B7-43B8-B194-490023DD14FD}.Debug|x64.Build.0 = Debug|Any CPU
		{87CE0757-91B7-43B8-B194-490023DD14FD}.Debug|x86.ActiveCfg = Debug|Any CPU
		{87CE0757-91B7-43B8-B194-490023DD14FD}.Debug|x86.Build.0 = Debug|Any CPU
		{87CE0757-91B7-43B8-B194-490023DD14FD}.Release|Any CPU.ActiveCfg = Release|Any CPU
		{87CE0757-91B7-43B8-B194-490023DD14FD}.Release|Any CPU.Build.0 = Release|Any CPU
		{87CE0757-91B7-43B8-B194-490023DD14FD}.Release|x64.ActiveCfg = Release|Any CPU
		{87CE0757-91B7-43B8-B194-490023DD14FD}.Release|x64.Build.0 = Release|Any CPU
		{87CE0757-91B7-43B8-B194-490023DD14FD}.Release|x86.ActiveCfg = Release|Any CPU
		{87CE0757-91B7-43B8-B194-490023DD14FD}.Release|x86.Build.0 = Release|Any CPU
		{7E15318C-EC11-4806-B3C0-1D8749AEC5F8}.Debug|Any CPU.ActiveCfg = Debug|Any CPU
		{7E15318C-EC11-4806-B3C0-1D8749AEC5F8}.Debug|Any CPU.Build.0 = Debug|Any CPU
		{7E15318C-EC11-4806-B3C0-1D8749AEC5F8}.Debug|x64.ActiveCfg = Debug|Any CPU
		{7E15318C-EC11-4806-B3C0-1D8749AEC5F8}.Debug|x64.Build.0 = Debug|Any CPU
		{7E15318C-EC11-4806-B3C0-1D8749AEC5F8}.Debug|x86.ActiveCfg = Debug|Any CPU
		{7E15318C-EC11-4806-B3C0-1D8749AEC5F8}.Debug|x86.Build.0 = Debug|Any CPU
		{7E15318C-EC11-4806-B3C0-1D8749AEC5F8}.Release|Any CPU.ActiveCfg = Release|Any CPU
		{7E15318C-EC11-4806-B3C0-1D8749AEC5F8}.Release|Any CPU.Build.0 = Release|Any CPU
		{7E15318C-EC11-4806-B3C0-1D8749AEC5F8}.Release|x64.ActiveCfg = Release|Any CPU
		{7E15318C-EC11-4806-B3C0-1D8749AEC5F8}.Release|x64.Build.0 = Release|Any CPU
		{7E15318C-EC11-4806-B3C0-1D8749AEC5F8}.Release|x86.ActiveCfg = Release|Any CPU
		{7E15318C-EC11-4806-B3C0-1D8749AEC5F8}.Release|x86.Build.0 = Release|Any CPU
		{FA6A347E-EE4E-4776-830F-179F730EF6C9}.Debug|Any CPU.ActiveCfg = Debug|Any CPU
		{FA6A347E-EE4E-4776-830F-179F730EF6C9}.Debug|Any CPU.Build.0 = Debug|Any CPU
		{FA6A347E-EE4E-4776-830F-179F730EF6C9}.Debug|x64.ActiveCfg = Debug|Any CPU
		{FA6A347E-EE4E-4776-830F-179F730EF6C9}.Debug|x64.Build.0 = Debug|Any CPU
		{FA6A347E-EE4E-4776-830F-179F730EF6C9}.Debug|x86.ActiveCfg = Debug|Any CPU
		{FA6A347E-EE4E-4776-830F-179F730EF6C9}.Debug|x86.Build.0 = Debug|Any CPU
		{FA6A347E-EE4E-4776-830F-179F730EF6C9}.Release|Any CPU.ActiveCfg = Release|Any CPU
		{FA6A347E-EE4E-4776-830F-179F730EF6C9}.Release|Any CPU.Build.0 = Release|Any CPU
		{FA6A347E-EE4E-4776-830F-179F730EF6C9}.Release|x64.ActiveCfg = Release|Any CPU
		{FA6A347E-EE4E-4776-830F-179F730EF6C9}.Release|x64.Build.0 = Release|Any CPU
		{FA6A347E-EE4E-4776-830F-179F730EF6C9}.Release|x86.ActiveCfg = Release|Any CPU
		{FA6A347E-EE4E-4776-830F-179F730EF6C9}.Release|x86.Build.0 = Release|Any CPU
		{E0B2DD30-421B-4900-907C-2F75D809BFEC}.Debug|Any CPU.ActiveCfg = Debug|Any CPU
		{E0B2DD30-421B-4900-907C-2F75D809BFEC}.Debug|Any CPU.Build.0 = Debug|Any CPU
		{E0B2DD30-421B-4900-907C-2F75D809BFEC}.Debug|x64.ActiveCfg = Debug|Any CPU
		{E0B2DD30-421B-4900-907C-2F75D809BFEC}.Debug|x64.Build.0 = Debug|Any CPU
		{E0B2DD30-421B-4900-907C-2F75D809BFEC}.Debug|x86.ActiveCfg = Debug|Any CPU
		{E0B2DD30-421B-4900-907C-2F75D809BFEC}.Debug|x86.Build.0 = Debug|Any CPU
		{E0B2DD30-421B-4900-907C-2F75D809BFEC}.Release|Any CPU.ActiveCfg = Release|Any CPU
		{E0B2DD30-421B-4900-907C-2F75D809BFEC}.Release|Any CPU.Build.0 = Release|Any CPU
		{E0B2DD30-421B-4900-907C-2F75D809BFEC}.Release|x64.ActiveCfg = Release|Any CPU
		{E0B2DD30-421B-4900-907C-2F75D809BFEC}.Release|x64.Build.0 = Release|Any CPU
		{E0B2DD30-421B-4900-907C-2F75D809BFEC}.Release|x86.ActiveCfg = Release|Any CPU
		{E0B2DD30-421B-4900-907C-2F75D809BFEC}.Release|x86.Build.0 = Release|Any CPU
		{A4AB0258-999B-46AC-B374-5479E1D0C11B}.Debug|Any CPU.ActiveCfg = Debug|Any CPU
		{A4AB0258-999B-46AC-B374-5479E1D0C11B}.Debug|Any CPU.Build.0 = Debug|Any CPU
		{A4AB0258-999B-46AC-B374-5479E1D0C11B}.Debug|x64.ActiveCfg = Debug|Any CPU
		{A4AB0258-999B-46AC-B374-5479E1D0C11B}.Debug|x64.Build.0 = Debug|Any CPU
		{A4AB0258-999B-46AC-B374-5479E1D0C11B}.Debug|x86.ActiveCfg = Debug|Any CPU
		{A4AB0258-999B-46AC-B374-5479E1D0C11B}.Debug|x86.Build.0 = Debug|Any CPU
		{A4AB0258-999B-46AC-B374-5479E1D0C11B}.Release|Any CPU.ActiveCfg = Release|Any CPU
		{A4AB0258-999B-46AC-B374-5479E1D0C11B}.Release|Any CPU.Build.0 = Release|Any CPU
		{A4AB0258-999B-46AC-B374-5479E1D0C11B}.Release|x64.ActiveCfg = Release|Any CPU
		{A4AB0258-999B-46AC-B374-5479E1D0C11B}.Release|x64.Build.0 = Release|Any CPU
		{A4AB0258-999B-46AC-B374-5479E1D0C11B}.Release|x86.ActiveCfg = Release|Any CPU
		{A4AB0258-999B-46AC-B374-5479E1D0C11B}.Release|x86.Build.0 = Release|Any CPU
		{C5327762-8883-42AF-8C3D-6166A4F712C0}.Debug|Any CPU.ActiveCfg = Debug|Any CPU
		{C5327762-8883-42AF-8C3D-6166A4F712C0}.Debug|Any CPU.Build.0 = Debug|Any CPU
		{C5327762-8883-42AF-8C3D-6166A4F712C0}.Debug|x64.ActiveCfg = Debug|Any CPU
		{C5327762-8883-42AF-8C3D-6166A4F712C0}.Debug|x64.Build.0 = Debug|Any CPU
		{C5327762-8883-42AF-8C3D-6166A4F712C0}.Debug|x86.ActiveCfg = Debug|Any CPU
		{C5327762-8883-42AF-8C3D-6166A4F712C0}.Debug|x86.Build.0 = Debug|Any CPU
		{C5327762-8883-42AF-8C3D-6166A4F712C0}.Release|Any CPU.ActiveCfg = Release|Any CPU
		{C5327762-8883-42AF-8C3D-6166A4F712C0}.Release|Any CPU.Build.0 = Release|Any CPU
		{C5327762-8883-42AF-8C3D-6166A4F712C0}.Release|x64.ActiveCfg = Release|Any CPU
		{C5327762-8883-42AF-8C3D-6166A4F712C0}.Release|x64.Build.0 = Release|Any CPU
		{C5327762-8883-42AF-8C3D-6166A4F712C0}.Release|x86.ActiveCfg = Release|Any CPU
		{C5327762-8883-42AF-8C3D-6166A4F712C0}.Release|x86.Build.0 = Release|Any CPU
		{7A0402B0-1407-462E-B85B-42C5A7F2CB9D}.Debug|Any CPU.ActiveCfg = Debug|Any CPU
		{7A0402B0-1407-462E-B85B-42C5A7F2CB9D}.Debug|Any CPU.Build.0 = Debug|Any CPU
		{7A0402B0-1407-462E-B85B-42C5A7F2CB9D}.Debug|x64.ActiveCfg = Debug|Any CPU
		{7A0402B0-1407-462E-B85B-42C5A7F2CB9D}.Debug|x64.Build.0 = Debug|Any CPU
		{7A0402B0-1407-462E-B85B-42C5A7F2CB9D}.Debug|x86.ActiveCfg = Debug|Any CPU
		{7A0402B0-1407-462E-B85B-42C5A7F2CB9D}.Debug|x86.Build.0 = Debug|Any CPU
		{7A0402B0-1407-462E-B85B-42C5A7F2CB9D}.Release|Any CPU.ActiveCfg = Release|Any CPU
		{7A0402B0-1407-462E-B85B-42C5A7F2CB9D}.Release|Any CPU.Build.0 = Release|Any CPU
		{7A0402B0-1407-462E-B85B-42C5A7F2CB9D}.Release|x64.ActiveCfg = Release|Any CPU
		{7A0402B0-1407-462E-B85B-42C5A7F2CB9D}.Release|x64.Build.0 = Release|Any CPU
		{7A0402B0-1407-462E-B85B-42C5A7F2CB9D}.Release|x86.ActiveCfg = Release|Any CPU
		{7A0402B0-1407-462E-B85B-42C5A7F2CB9D}.Release|x86.Build.0 = Release|Any CPU
		{DE9A32CE-9BE3-4B83-9957-8C0F38DBAAE6}.Debug|Any CPU.ActiveCfg = Debug|Any CPU
		{DE9A32CE-9BE3-4B83-9957-8C0F38DBAAE6}.Debug|Any CPU.Build.0 = Debug|Any CPU
		{DE9A32CE-9BE3-4B83-9957-8C0F38DBAAE6}.Debug|x64.ActiveCfg = Debug|Any CPU
		{DE9A32CE-9BE3-4B83-9957-8C0F38DBAAE6}.Debug|x64.Build.0 = Debug|Any CPU
		{DE9A32CE-9BE3-4B83-9957-8C0F38DBAAE6}.Debug|x86.ActiveCfg = Debug|Any CPU
		{DE9A32CE-9BE3-4B83-9957-8C0F38DBAAE6}.Debug|x86.Build.0 = Debug|Any CPU
		{DE9A32CE-9BE3-4B83-9957-8C0F38DBAAE6}.Release|Any CPU.ActiveCfg = Release|Any CPU
		{DE9A32CE-9BE3-4B83-9957-8C0F38DBAAE6}.Release|Any CPU.Build.0 = Release|Any CPU
		{DE9A32CE-9BE3-4B83-9957-8C0F38DBAAE6}.Release|x64.ActiveCfg = Release|Any CPU
		{DE9A32CE-9BE3-4B83-9957-8C0F38DBAAE6}.Release|x64.Build.0 = Release|Any CPU
		{DE9A32CE-9BE3-4B83-9957-8C0F38DBAAE6}.Release|x86.ActiveCfg = Release|Any CPU
		{DE9A32CE-9BE3-4B83-9957-8C0F38DBAAE6}.Release|x86.Build.0 = Release|Any CPU
		{F9653389-A9A6-4D7B-8CFB-B87F1FD735B7}.Debug|Any CPU.ActiveCfg = Debug|Any CPU
		{F9653389-A9A6-4D7B-8CFB-B87F1FD735B7}.Debug|Any CPU.Build.0 = Debug|Any CPU
		{F9653389-A9A6-4D7B-8CFB-B87F1FD735B7}.Debug|x64.ActiveCfg = Debug|Any CPU
		{F9653389-A9A6-4D7B-8CFB-B87F1FD735B7}.Debug|x64.Build.0 = Debug|Any CPU
		{F9653389-A9A6-4D7B-8CFB-B87F1FD735B7}.Debug|x86.ActiveCfg = Debug|Any CPU
		{F9653389-A9A6-4D7B-8CFB-B87F1FD735B7}.Debug|x86.Build.0 = Debug|Any CPU
		{F9653389-A9A6-4D7B-8CFB-B87F1FD735B7}.Release|Any CPU.ActiveCfg = Release|Any CPU
		{F9653389-A9A6-4D7B-8CFB-B87F1FD735B7}.Release|Any CPU.Build.0 = Release|Any CPU
		{F9653389-A9A6-4D7B-8CFB-B87F1FD735B7}.Release|x64.ActiveCfg = Release|Any CPU
		{F9653389-A9A6-4D7B-8CFB-B87F1FD735B7}.Release|x64.Build.0 = Release|Any CPU
		{F9653389-A9A6-4D7B-8CFB-B87F1FD735B7}.Release|x86.ActiveCfg = Release|Any CPU
		{F9653389-A9A6-4D7B-8CFB-B87F1FD735B7}.Release|x86.Build.0 = Release|Any CPU
		{B84A8B51-44A5-45C9-BEA2-A58F5AFA86B7}.Debug|Any CPU.ActiveCfg = Debug|Any CPU
		{B84A8B51-44A5-45C9-BEA2-A58F5AFA86B7}.Debug|Any CPU.Build.0 = Debug|Any CPU
		{B84A8B51-44A5-45C9-BEA2-A58F5AFA86B7}.Debug|x64.ActiveCfg = Debug|Any CPU
		{B84A8B51-44A5-45C9-BEA2-A58F5AFA86B7}.Debug|x64.Build.0 = Debug|Any CPU
		{B84A8B51-44A5-45C9-BEA2-A58F5AFA86B7}.Debug|x86.ActiveCfg = Debug|Any CPU
		{B84A8B51-44A5-45C9-BEA2-A58F5AFA86B7}.Debug|x86.Build.0 = Debug|Any CPU
		{B84A8B51-44A5-45C9-BEA2-A58F5AFA86B7}.Release|Any CPU.ActiveCfg = Release|Any CPU
		{B84A8B51-44A5-45C9-BEA2-A58F5AFA86B7}.Release|Any CPU.Build.0 = Release|Any CPU
		{B84A8B51-44A5-45C9-BEA2-A58F5AFA86B7}.Release|x64.ActiveCfg = Release|Any CPU
		{B84A8B51-44A5-45C9-BEA2-A58F5AFA86B7}.Release|x64.Build.0 = Release|Any CPU
		{B84A8B51-44A5-45C9-BEA2-A58F5AFA86B7}.Release|x86.ActiveCfg = Release|Any CPU
		{B84A8B51-44A5-45C9-BEA2-A58F5AFA86B7}.Release|x86.Build.0 = Release|Any CPU
		{49DE12B4-B47C-416A-A2B7-CA83DB74D3F5}.Debug|Any CPU.ActiveCfg = Debug|Any CPU
		{49DE12B4-B47C-416A-A2B7-CA83DB74D3F5}.Debug|Any CPU.Build.0 = Debug|Any CPU
		{49DE12B4-B47C-416A-A2B7-CA83DB74D3F5}.Debug|x64.ActiveCfg = Debug|Any CPU
		{49DE12B4-B47C-416A-A2B7-CA83DB74D3F5}.Debug|x64.Build.0 = Debug|Any CPU
		{49DE12B4-B47C-416A-A2B7-CA83DB74D3F5}.Debug|x86.ActiveCfg = Debug|Any CPU
		{49DE12B4-B47C-416A-A2B7-CA83DB74D3F5}.Debug|x86.Build.0 = Debug|Any CPU
		{49DE12B4-B47C-416A-A2B7-CA83DB74D3F5}.Release|Any CPU.ActiveCfg = Release|Any CPU
		{49DE12B4-B47C-416A-A2B7-CA83DB74D3F5}.Release|Any CPU.Build.0 = Release|Any CPU
		{49DE12B4-B47C-416A-A2B7-CA83DB74D3F5}.Release|x64.ActiveCfg = Release|Any CPU
		{49DE12B4-B47C-416A-A2B7-CA83DB74D3F5}.Release|x64.Build.0 = Release|Any CPU
		{49DE12B4-B47C-416A-A2B7-CA83DB74D3F5}.Release|x86.ActiveCfg = Release|Any CPU
		{49DE12B4-B47C-416A-A2B7-CA83DB74D3F5}.Release|x86.Build.0 = Release|Any CPU
		{EE9A2576-A861-438B-ABE7-54C503DCE409}.Debug|Any CPU.ActiveCfg = Debug|Any CPU
		{EE9A2576-A861-438B-ABE7-54C503DCE409}.Debug|Any CPU.Build.0 = Debug|Any CPU
		{EE9A2576-A861-438B-ABE7-54C503DCE409}.Debug|x64.ActiveCfg = Debug|Any CPU
		{EE9A2576-A861-438B-ABE7-54C503DCE409}.Debug|x64.Build.0 = Debug|Any CPU
		{EE9A2576-A861-438B-ABE7-54C503DCE409}.Debug|x86.ActiveCfg = Debug|Any CPU
		{EE9A2576-A861-438B-ABE7-54C503DCE409}.Debug|x86.Build.0 = Debug|Any CPU
		{EE9A2576-A861-438B-ABE7-54C503DCE409}.Release|Any CPU.ActiveCfg = Release|Any CPU
		{EE9A2576-A861-438B-ABE7-54C503DCE409}.Release|Any CPU.Build.0 = Release|Any CPU
		{EE9A2576-A861-438B-ABE7-54C503DCE409}.Release|x64.ActiveCfg = Release|Any CPU
		{EE9A2576-A861-438B-ABE7-54C503DCE409}.Release|x64.Build.0 = Release|Any CPU
		{EE9A2576-A861-438B-ABE7-54C503DCE409}.Release|x86.ActiveCfg = Release|Any CPU
		{EE9A2576-A861-438B-ABE7-54C503DCE409}.Release|x86.Build.0 = Release|Any CPU
		{B1600F11-EDE9-4E5A-A1A7-1E4897C845AA}.Debug|Any CPU.ActiveCfg = Debug|Any CPU
		{B1600F11-EDE9-4E5A-A1A7-1E4897C845AA}.Debug|Any CPU.Build.0 = Debug|Any CPU
		{B1600F11-EDE9-4E5A-A1A7-1E4897C845AA}.Debug|x64.ActiveCfg = Debug|Any CPU
		{B1600F11-EDE9-4E5A-A1A7-1E4897C845AA}.Debug|x64.Build.0 = Debug|Any CPU
		{B1600F11-EDE9-4E5A-A1A7-1E4897C845AA}.Debug|x86.ActiveCfg = Debug|Any CPU
		{B1600F11-EDE9-4E5A-A1A7-1E4897C845AA}.Debug|x86.Build.0 = Debug|Any CPU
		{B1600F11-EDE9-4E5A-A1A7-1E4897C845AA}.Release|Any CPU.ActiveCfg = Release|Any CPU
		{B1600F11-EDE9-4E5A-A1A7-1E4897C845AA}.Release|Any CPU.Build.0 = Release|Any CPU
		{B1600F11-EDE9-4E5A-A1A7-1E4897C845AA}.Release|x64.ActiveCfg = Release|Any CPU
		{B1600F11-EDE9-4E5A-A1A7-1E4897C845AA}.Release|x64.Build.0 = Release|Any CPU
		{B1600F11-EDE9-4E5A-A1A7-1E4897C845AA}.Release|x86.ActiveCfg = Release|Any CPU
		{B1600F11-EDE9-4E5A-A1A7-1E4897C845AA}.Release|x86.Build.0 = Release|Any CPU
		{EFB5C458-7C42-4948-A3FA-9C8050B978A0}.Debug|Any CPU.ActiveCfg = Debug|Any CPU
		{EFB5C458-7C42-4948-A3FA-9C8050B978A0}.Debug|Any CPU.Build.0 = Debug|Any CPU
		{EFB5C458-7C42-4948-A3FA-9C8050B978A0}.Debug|x64.ActiveCfg = Debug|Any CPU
		{EFB5C458-7C42-4948-A3FA-9C8050B978A0}.Debug|x64.Build.0 = Debug|Any CPU
		{EFB5C458-7C42-4948-A3FA-9C8050B978A0}.Debug|x86.ActiveCfg = Debug|Any CPU
		{EFB5C458-7C42-4948-A3FA-9C8050B978A0}.Debug|x86.Build.0 = Debug|Any CPU
		{EFB5C458-7C42-4948-A3FA-9C8050B978A0}.Release|Any CPU.ActiveCfg = Release|Any CPU
		{EFB5C458-7C42-4948-A3FA-9C8050B978A0}.Release|Any CPU.Build.0 = Release|Any CPU
		{EFB5C458-7C42-4948-A3FA-9C8050B978A0}.Release|x64.ActiveCfg = Release|Any CPU
		{EFB5C458-7C42-4948-A3FA-9C8050B978A0}.Release|x64.Build.0 = Release|Any CPU
		{EFB5C458-7C42-4948-A3FA-9C8050B978A0}.Release|x86.ActiveCfg = Release|Any CPU
		{EFB5C458-7C42-4948-A3FA-9C8050B978A0}.Release|x86.Build.0 = Release|Any CPU
		{98010829-4510-4DDD-AA9B-E197A78F8880}.Debug|Any CPU.ActiveCfg = Debug|Any CPU
		{98010829-4510-4DDD-AA9B-E197A78F8880}.Debug|Any CPU.Build.0 = Debug|Any CPU
		{98010829-4510-4DDD-AA9B-E197A78F8880}.Debug|x64.ActiveCfg = Debug|Any CPU
		{98010829-4510-4DDD-AA9B-E197A78F8880}.Debug|x64.Build.0 = Debug|Any CPU
		{98010829-4510-4DDD-AA9B-E197A78F8880}.Debug|x86.ActiveCfg = Debug|Any CPU
		{98010829-4510-4DDD-AA9B-E197A78F8880}.Debug|x86.Build.0 = Debug|Any CPU
		{98010829-4510-4DDD-AA9B-E197A78F8880}.Release|Any CPU.ActiveCfg = Release|Any CPU
		{98010829-4510-4DDD-AA9B-E197A78F8880}.Release|Any CPU.Build.0 = Release|Any CPU
		{98010829-4510-4DDD-AA9B-E197A78F8880}.Release|x64.ActiveCfg = Release|Any CPU
		{98010829-4510-4DDD-AA9B-E197A78F8880}.Release|x64.Build.0 = Release|Any CPU
		{98010829-4510-4DDD-AA9B-E197A78F8880}.Release|x86.ActiveCfg = Release|Any CPU
		{98010829-4510-4DDD-AA9B-E197A78F8880}.Release|x86.Build.0 = Release|Any CPU
		{F76EE288-E983-4D7E-8848-26837ACE4CB4}.Debug|Any CPU.ActiveCfg = Debug|Any CPU
		{F76EE288-E983-4D7E-8848-26837ACE4CB4}.Debug|Any CPU.Build.0 = Debug|Any CPU
		{F76EE288-E983-4D7E-8848-26837ACE4CB4}.Debug|x64.ActiveCfg = Debug|Any CPU
		{F76EE288-E983-4D7E-8848-26837ACE4CB4}.Debug|x64.Build.0 = Debug|Any CPU
		{F76EE288-E983-4D7E-8848-26837ACE4CB4}.Debug|x86.ActiveCfg = Debug|Any CPU
		{F76EE288-E983-4D7E-8848-26837ACE4CB4}.Debug|x86.Build.0 = Debug|Any CPU
		{F76EE288-E983-4D7E-8848-26837ACE4CB4}.Release|Any CPU.ActiveCfg = Release|Any CPU
		{F76EE288-E983-4D7E-8848-26837ACE4CB4}.Release|Any CPU.Build.0 = Release|Any CPU
		{F76EE288-E983-4D7E-8848-26837ACE4CB4}.Release|x64.ActiveCfg = Release|Any CPU
		{F76EE288-E983-4D7E-8848-26837ACE4CB4}.Release|x64.Build.0 = Release|Any CPU
		{F76EE288-E983-4D7E-8848-26837ACE4CB4}.Release|x86.ActiveCfg = Release|Any CPU
		{F76EE288-E983-4D7E-8848-26837ACE4CB4}.Release|x86.Build.0 = Release|Any CPU
		{34AB74DD-6BA3-4199-BDF1-9E968985CF70}.Debug|Any CPU.ActiveCfg = Debug|Any CPU
		{34AB74DD-6BA3-4199-BDF1-9E968985CF70}.Debug|Any CPU.Build.0 = Debug|Any CPU
		{34AB74DD-6BA3-4199-BDF1-9E968985CF70}.Debug|x64.ActiveCfg = Debug|Any CPU
		{34AB74DD-6BA3-4199-BDF1-9E968985CF70}.Debug|x64.Build.0 = Debug|Any CPU
		{34AB74DD-6BA3-4199-BDF1-9E968985CF70}.Debug|x86.ActiveCfg = Debug|Any CPU
		{34AB74DD-6BA3-4199-BDF1-9E968985CF70}.Debug|x86.Build.0 = Debug|Any CPU
		{34AB74DD-6BA3-4199-BDF1-9E968985CF70}.Release|Any CPU.ActiveCfg = Release|Any CPU
		{34AB74DD-6BA3-4199-BDF1-9E968985CF70}.Release|Any CPU.Build.0 = Release|Any CPU
		{34AB74DD-6BA3-4199-BDF1-9E968985CF70}.Release|x64.ActiveCfg = Release|Any CPU
		{34AB74DD-6BA3-4199-BDF1-9E968985CF70}.Release|x64.Build.0 = Release|Any CPU
		{34AB74DD-6BA3-4199-BDF1-9E968985CF70}.Release|x86.ActiveCfg = Release|Any CPU
		{34AB74DD-6BA3-4199-BDF1-9E968985CF70}.Release|x86.Build.0 = Release|Any CPU
		{542AC707-3C7C-4FD0-8097-3595B602965C}.Debug|Any CPU.ActiveCfg = Debug|Any CPU
		{542AC707-3C7C-4FD0-8097-3595B602965C}.Debug|Any CPU.Build.0 = Debug|Any CPU
		{542AC707-3C7C-4FD0-8097-3595B602965C}.Debug|x64.ActiveCfg = Debug|Any CPU
		{542AC707-3C7C-4FD0-8097-3595B602965C}.Debug|x64.Build.0 = Debug|Any CPU
		{542AC707-3C7C-4FD0-8097-3595B602965C}.Debug|x86.ActiveCfg = Debug|Any CPU
		{542AC707-3C7C-4FD0-8097-3595B602965C}.Debug|x86.Build.0 = Debug|Any CPU
		{542AC707-3C7C-4FD0-8097-3595B602965C}.Release|Any CPU.ActiveCfg = Release|Any CPU
		{542AC707-3C7C-4FD0-8097-3595B602965C}.Release|Any CPU.Build.0 = Release|Any CPU
		{542AC707-3C7C-4FD0-8097-3595B602965C}.Release|x64.ActiveCfg = Release|Any CPU
		{542AC707-3C7C-4FD0-8097-3595B602965C}.Release|x64.Build.0 = Release|Any CPU
		{542AC707-3C7C-4FD0-8097-3595B602965C}.Release|x86.ActiveCfg = Release|Any CPU
		{542AC707-3C7C-4FD0-8097-3595B602965C}.Release|x86.Build.0 = Release|Any CPU
	EndGlobalSection
	GlobalSection(SolutionProperties) = preSolution
		HideSolutionNode = FALSE
	EndGlobalSection
	GlobalSection(NestedProjects) = preSolution
		{1BA1965B-079F-4EAC-840E-A5B75041B393} = {9AA579C5-B888-6810-1C31-C9D490055784}
		{01DFF78D-1974-420B-BC3B-AF2184BCFCF7} = {9AA579C5-B888-6810-1C31-C9D490055784}
		{9E0D03DE-B653-4EB7-BDDD-2EFD26968AF0} = {1F9255BD-ADC7-0925-5CDE-AEB08C8498D6}
		{4237DBD8-5B54-4CC8-995C-E34B29328C53} = {1F9255BD-ADC7-0925-5CDE-AEB08C8498D6}
		{92641AA3-622C-4C62-8F15-5F602011CE26} = {1F9255BD-ADC7-0925-5CDE-AEB08C8498D6}
		{87CE0757-91B7-43B8-B194-490023DD14FD} = {1F9255BD-ADC7-0925-5CDE-AEB08C8498D6}
		{7E15318C-EC11-4806-B3C0-1D8749AEC5F8} = {1F9255BD-ADC7-0925-5CDE-AEB08C8498D6}
		{FA6A347E-EE4E-4776-830F-179F730EF6C9} = {C8494665-C39A-8712-C7C4-FF596D91583E}
		{E0B2DD30-421B-4900-907C-2F75D809BFEC} = {8B437273-564A-E0AE-312E-B811AA794CD4}
		{A4AB0258-999B-46AC-B374-5479E1D0C11B} = {8B437273-564A-E0AE-312E-B811AA794CD4}
		{C5327762-8883-42AF-8C3D-6166A4F712C0} = {9BDF1579-1002-EB83-5724-00EA1FD2A06D}
		{7A0402B0-1407-462E-B85B-42C5A7F2CB9D} = {9BDF1579-1002-EB83-5724-00EA1FD2A06D}
		{DE9A32CE-9BE3-4B83-9957-8C0F38DBAAE6} = {9BDF1579-1002-EB83-5724-00EA1FD2A06D}
		{F9653389-A9A6-4D7B-8CFB-B87F1FD735B7} = {9BDF1579-1002-EB83-5724-00EA1FD2A06D}
		{B84A8B51-44A5-45C9-BEA2-A58F5AFA86B7} = {0BE7CBE2-60D2-BC47-FCD8-7C5AE7B20EF2}
		{49DE12B4-B47C-416A-A2B7-CA83DB74D3F5} = {0BE7CBE2-60D2-BC47-FCD8-7C5AE7B20EF2}
		{EE9A2576-A861-438B-ABE7-54C503DCE409} = {ED2E085A-AB02-B955-8619-35E5F3B38976}
		{B1600F11-EDE9-4E5A-A1A7-1E4897C845AA} = {61E813E4-9A1B-A38E-E33B-8712C73A9852}
		{EFB5C458-7C42-4948-A3FA-9C8050B978A0} = {61E813E4-9A1B-A38E-E33B-8712C73A9852}
		{98010829-4510-4DDD-AA9B-E197A78F8880} = {385A9C9C-80DA-0D6F-3983-591A5232760E}
		{F76EE288-E983-4D7E-8848-26837ACE4CB4} = {385A9C9C-80DA-0D6F-3983-591A5232760E}
		{34AB74DD-6BA3-4199-BDF1-9E968985CF70} = {385A9C9C-80DA-0D6F-3983-591A5232760E}
		{542AC707-3C7C-4FD0-8097-3595B602965C} = {385A9C9C-80DA-0D6F-3983-591A5232760E}
	EndGlobalSection
EndGlobal
